
Microsoft Visual Studio Solution File, Format Version 12.00
# Visual Studio Version 16
VisualStudioVersion = 16.0.29911.84
MinimumVisualStudioVersion = 10.0.40219.1
Project("{FAE04EC0-301F-11D3-BF4B-00C04F79EFBC}") = "OptimizerHarmony", "OptimizerHarmony.csproj", "{3E636EB0-5CBF-456E-8BB3-752C429DB294}"
EndProject
Global
	GlobalSection(SolutionConfigurationPlatforms) = preSolution
		Debug|Any CPU = Debug|Any CPU
		Release|Any CPU = Release|Any CPU
	EndGlobalSection
	GlobalSection(ProjectConfigurationPlatforms) = postSolution
		{3E636EB0-5CBF-456E-8BB3-752C429DB294}.Debug|Any CPU.ActiveCfg = Debug|Any CPU
		{3E636EB0-5CBF-456E-8BB3-752C429DB294}.Debug|Any CPU.Build.0 = Debug|Any CPU
		{3E636EB0-5CBF-456E-8BB3-752C429DB294}.Release|Any CPU.ActiveCfg = Release|Any CPU
		{3E636EB0-5CBF-456E-8BB3-752C429DB294}.Release|Any CPU.Build.0 = Release|Any CPU
	EndGlobalSection
	GlobalSection(SolutionProperties) = preSolution
		HideSolutionNode = FALSE
	EndGlobalSection
	GlobalSection(ExtensibilityGlobals) = postSolution
		SolutionGuid = {BCBBDC2D-7287-4B43-863E-EB3C9D4BBA70}
	EndGlobalSection
EndGlobal
